
Microsoft Visual Studio Solution File, Format Version 12.00
# Visual Studio Version 17
VisualStudioVersion = 17.1.32210.238
MinimumVisualStudioVersion = 10.0.40219.1
Project("{FAE04EC0-301F-11D3-BF4B-00C04F79EFBC}") = "Informatic_API", "Informatic_API\Informatic_API.csproj", "{82F2B77A-F9CF-4F5A-AB5A-03E1FF570CE0}"
EndProject
Global
	GlobalSection(SolutionConfigurationPlatforms) = preSolution
		Debug|Any CPU = Debug|Any CPU
		Release|Any CPU = Release|Any CPU
	EndGlobalSection
	GlobalSection(ProjectConfigurationPlatforms) = postSolution
		{82F2B77A-F9CF-4F5A-AB5A-03E1FF570CE0}.Debug|Any CPU.ActiveCfg = Debug|Any CPU
		{82F2B77A-F9CF-4F5A-AB5A-03E1FF570CE0}.Debug|Any CPU.Build.0 = Debug|Any CPU
		{82F2B77A-F9CF-4F5A-AB5A-03E1FF570CE0}.Release|Any CPU.ActiveCfg = Release|Any CPU
		{82F2B77A-F9CF-4F5A-AB5A-03E1FF570CE0}.Release|Any CPU.Build.0 = Release|Any CPU
	EndGlobalSection
	GlobalSection(SolutionProperties) = preSolution
		HideSolutionNode = FALSE
	EndGlobalSection
	GlobalSection(ExtensibilityGlobals) = postSolution
		SolutionGuid = {7814EF1C-7618-452B-B7E9-1654F6A5AB80}
	EndGlobalSection
EndGlobal
